{
  "pins" : [
    {
      "identity" : "flyingfox",
      "kind" : "remoteSourceControl",
      "location" : "https://github.com/swhitty/FlyingFox",
      "state" : {
        "revision" : "45e3cca0393d8d28817bdc5a18d84ab6b464cc90",
        "version" : "0.6.0"
      }
    },
    {
      "identity" : "parsley",
      "kind" : "remoteSourceControl",
      "location" : "https://github.com/stackotter/Parsley",
      "state" : {
        "branch" : "custom-extensions",
        "revision" : "0af424264ad1d14301082ba059a289f509c354df"
      }
    },
    {
      "identity" : "swift-argument-parser",
      "kind" : "remoteSourceControl",
      "location" : "https://github.com/apple/swift-argument-parser",
      "state" : {
        "revision" : "82905286cc3f0fa8adc4674bf49437cab65a8373",
        "version" : "1.1.1"
      }
    },
    {
      "identity" : "swift-cmark-gfm",
      "kind" : "remoteSourceControl",
      "location" : "https://github.com/stackotter/swift-cmark-gfm",
      "state" : {
        "revision" : "7ec44e7384793e507cf046336aef68586719a24e",
        "version" : "1.0.2"
      }
    },
    {
      "identity" : "swift-parsing",
      "kind" : "remoteSourceControl",
      "location" : "https://github.com/pointfreeco/swift-parsing",
      "state" : {
        "revision" : "1d3aa2f359388b67c16000556830645382cd5c4f",
        "version" : "0.8.0"
      }
    },
    {
      "identity" : "swiftsoup",
      "kind" : "remoteSourceControl",
      "location" : "https://github.com/scinfu/SwiftSoup",
      "state" : {
        "revision" : "5dccb0f9c94ac5e48031f3c0c3f4d2c6820939a0",
        "version" : "2.4.1"
      }
    }
  ],
  "version" : 2
}
